<?xml version="1.0" encoding="utf-8"?>
<Project ToolsVersion="4.0" xmlns="http://schemas.microsoft.com/developer/msbuild/2003">
  <ItemGroup>
    <Filter Include="Source Files">
      <UniqueIdentifier>{4FC737F1-C7A5-4376-A066-2A32D752A2FF}</UniqueIdentifier>
      <Extensions>cpp;c;cc;cxx;def;odl;idl;hpj;bat;asm;asmx</Extensions>
    </Filter>
    <Filter Include="Header Files">
      <UniqueIdentifier>{93995380-89BD-4b04-88EB-625FBE52EBFB}</UniqueIdentifier>
      <Extensions>h;hh;hpp;hxx;hm;inl;inc;xsd</Extensions>
    </Filter>
    <Filter Include="Resource Files">
      <UniqueIdentifier>{67DA6AB6-F800-4c08-8B7A-83BB121AAD01}</UniqueIdentifier>
      <Extensions>rc;ico;cur;bmp;dlg;rc2;rct;bin;rgs;gif;jpg;jpeg;jpe;resx;tiff;tif;png;wav;mfcribbon-ms</Extensions>
    </Filter>
  </ItemGroup>
  <ItemGroup>
    <ClInclude Include="CMatrix.h">
      <Filter>Header Files</Filter>
    </ClInclude>
    <ClInclude Include="CKalmanFilter.h">
      <Filter>Header Files</Filter>
    </ClInclude>
    <ClInclude Include="anyNonFinite.h">
      <Filter>Header Files</Filter>
    </ClInclude>
    <ClInclude Include="butterBandpassOnly.h">
      <Filter>Header Files</Filter>
    </ClInclude>
    <ClInclude Include="butterBandpassOnly_emxAPI.h">
      <Filter>Header Files</Filter>
    </ClInclude>
    <ClInclude Include="butterBandpassOnly_emxutil.h">
      <Filter>Header Files</Filter>
    </ClInclude>
    <ClInclude Include="butterBandpassOnly_initialize.h">
      <Filter>Header Files</Filter>
    </ClInclude>
    <ClInclude Include="butterBandpassOnly_rtwutil.h">
      <Filter>Header Files</Filter>
    </ClInclude>
    <ClInclude Include="butterBandpassOnly_terminate.h">
      <Filter>Header Files</Filter>
    </ClInclude>
    <ClInclude Include="butterBandpassOnly_types.h">
      <Filter>Header Files</Filter>
    </ClInclude>
    <ClInclude Include="buttordBandpassOnly.h">
      <Filter>Header Files</Filter>
    </ClInclude>
    <ClInclude Include="buttordBandpassOnly_initialize.h">
      <Filter>Header Files</Filter>
    </ClInclude>
    <ClInclude Include="buttordBandpassOnly_terminate.h">
      <Filter>Header Files</Filter>
    </ClInclude>
    <ClInclude Include="buttordBandpassOnly_types.h">
      <Filter>Header Files</Filter>
    </ClInclude>
    <ClInclude Include="colon.h">
      <Filter>Header Files</Filter>
    </ClInclude>
    <ClInclude Include="eig.h">
      <Filter>Header Files</Filter>
    </ClInclude>
    <ClInclude Include="exp.h">
      <Filter>Header Files</Filter>
    </ClInclude>
    <ClInclude Include="eye.h">
      <Filter>Header Files</Filter>
    </ClInclude>
    <ClInclude Include="inv.h">
      <Filter>Header Files</Filter>
    </ClInclude>
    <ClInclude Include="isequal.h">
      <Filter>Header Files</Filter>
    </ClInclude>
    <ClInclude Include="ixamax.h">
      <Filter>Header Files</Filter>
    </ClInclude>
    <ClInclude Include="Kalman.h">
      <Filter>Header Files</Filter>
    </ClInclude>
    <ClInclude Include="mrdivide.h">
      <Filter>Header Files</Filter>
    </ClInclude>
    <ClInclude Include="mybilinear.h">
      <Filter>Header Files</Filter>
    </ClInclude>
    <ClInclude Include="mylp2bs.h">
      <Filter>Header Files</Filter>
    </ClInclude>
    <ClInclude Include="mypoly.h">
      <Filter>Header Files</Filter>
    </ClInclude>
    <ClInclude Include="myzp2ss.h">
      <Filter>Header Files</Filter>
    </ClInclude>
    <ClInclude Include="qrsolve.h">
      <Filter>Header Files</Filter>
    </ClInclude>
    <ClInclude Include="recip.h">
      <Filter>Header Files</Filter>
    </ClInclude>
    <ClInclude Include="relop.h">
      <Filter>Header Files</Filter>
    </ClInclude>
    <ClInclude Include="rt_defines.h">
      <Filter>Header Files</Filter>
    </ClInclude>
    <ClInclude Include="rt_nonfinite.h">
      <Filter>Header Files</Filter>
    </ClInclude>
    <ClInclude Include="rtGetInf.h">
      <Filter>Header Files</Filter>
    </ClInclude>
    <ClInclude Include="rtGetNaN.h">
      <Filter>Header Files</Filter>
    </ClInclude>
    <ClInclude Include="rtwtypes.h">
      <Filter>Header Files</Filter>
    </ClInclude>
    <ClInclude Include="schur.h">
      <Filter>Header Files</Filter>
    </ClInclude>
    <ClInclude Include="sortButter.h">
      <Filter>Header Files</Filter>
    </ClInclude>
    <ClInclude Include="sortButtord.h">
      <Filter>Header Files</Filter>
    </ClInclude>
    <ClInclude Include="sqrt.h">
      <Filter>Header Files</Filter>
    </ClInclude>
    <ClInclude Include="xdlapy3.h">
      <Filter>Header Files</Filter>
    </ClInclude>
    <ClInclude Include="xgemv.h">
      <Filter>Header Files</Filter>
    </ClInclude>
    <ClInclude Include="xgeqp3.h">
      <Filter>Header Files</Filter>
    </ClInclude>
    <ClInclude Include="xgerc.h">
      <Filter>Header Files</Filter>
    </ClInclude>
    <ClInclude Include="xgetrf.h">
      <Filter>Header Files</Filter>
    </ClInclude>
    <ClInclude Include="xnrm2.h">
      <Filter>Header Files</Filter>
    </ClInclude>
    <ClInclude Include="xscal.h">
      <Filter>Header Files</Filter>
    </ClInclude>
    <ClInclude Include="xtrsm.h">
      <Filter>Header Files</Filter>
    </ClInclude>
    <ClInclude Include="xunormqr.h">
      <Filter>Header Files</Filter>
    </ClInclude>
    <ClInclude Include="xzgeev.h">
      <Filter>Header Files</Filter>
    </ClInclude>
    <ClInclude Include="xzgetrf.h">
      <Filter>Header Files</Filter>
    </ClInclude>
    <ClInclude Include="xzhgeqz.h">
      <Filter>Header Files</Filter>
    </ClInclude>
    <ClInclude Include="xzhseqr.h">
      <Filter>Header Files</Filter>
    </ClInclude>
    <ClInclude Include="xzlarfg.h">
      <Filter>Header Files</Filter>
    </ClInclude>
    <ClInclude Include="xzlartg.h">
      <Filter>Header Files</Filter>
    </ClInclude>
    <ClInclude Include="xzlascl.h">
      <Filter>Header Files</Filter>
    </ClInclude>
    <ClInclude Include="CBandpassFilters.h">
      <Filter>Header Files</Filter>
    </ClInclude>
    <ClInclude Include="CNonlinearEnergyOperator.h">
      <Filter>Header Files</Filter>
    </ClInclude>
    <ClInclude Include="CMeanFilter.h">
      <Filter>Header Files</Filter>
    </ClInclude>
    <ClInclude Include="CChatterDetection.h">
      <Filter>Header Files</Filter>
    </ClInclude>
    <ClInclude Include="CChatterDetectionSystem.h">
      <Filter>Header Files</Filter>
    </ClInclude>
  </ItemGroup>
  <ItemGroup>
    <ClCompile Include="xzlascl.cpp">
      <Filter>Source Files</Filter>
    </ClCompile>
    <ClCompile Include="xzlartg.cpp">
      <Filter>Source Files</Filter>
    </ClCompile>
    <ClCompile Include="xzlarfg.cpp">
      <Filter>Source Files</Filter>
    </ClCompile>
    <ClCompile Include="xzhseqr.cpp">
      <Filter>Source Files</Filter>
    </ClCompile>
    <ClCompile Include="xzhgeqz.cpp">
      <Filter>Source Files</Filter>
    </ClCompile>
    <ClCompile Include="xzgetrf.cpp">
      <Filter>Source Files</Filter>
    </ClCompile>
    <ClCompile Include="xzgeev.cpp">
      <Filter>Source Files</Filter>
    </ClCompile>
    <ClCompile Include="xunormqr.cpp">
      <Filter>Source Files</Filter>
    </ClCompile>
    <ClCompile Include="xtrsm.cpp">
      <Filter>Source Files</Filter>
    </ClCompile>
    <ClCompile Include="xscal.cpp">
      <Filter>Source Files</Filter>
    </ClCompile>
    <ClCompile Include="xnrm2.cpp">
      <Filter>Source Files</Filter>
    </ClCompile>
    <ClCompile Include="xgetrf.cpp">
      <Filter>Source Files</Filter>
    </ClCompile>
    <ClCompile Include="xgerc.cpp">
      <Filter>Source Files</Filter>
    </ClCompile>
    <ClCompile Include="xgeqp3.cpp">
      <Filter>Source Files</Filter>
    </ClCompile>
    <ClCompile Include="xgemv.cpp">
      <Filter>Source Files</Filter>
    </ClCompile>
    <ClCompile Include="xdlapy3.cpp">
      <Filter>Source Files</Filter>
    </ClCompile>
    <ClCompile Include="sqrt.cpp">
      <Filter>Source Files</Filter>
    </ClCompile>
    <ClCompile Include="sortButtord.cpp">
      <Filter>Source Files</Filter>
    </ClCompile>
    <ClCompile Include="sortButter.cpp">
      <Filter>Source Files</Filter>
    </ClCompile>
    <ClCompile Include="schur.cpp">
      <Filter>Source Files</Filter>
    </ClCompile>
    <ClCompile Include="rtGetNaN.cpp">
      <Filter>Source Files</Filter>
    </ClCompile>
    <ClCompile Include="rtGetInf.cpp">
      <Filter>Source Files</Filter>
    </ClCompile>
    <ClCompile Include="rt_nonfinite.cpp">
      <Filter>Source Files</Filter>
    </ClCompile>
    <ClCompile Include="relop.cpp">
      <Filter>Source Files</Filter>
    </ClCompile>
    <ClCompile Include="recip.cpp">
      <Filter>Source Files</Filter>
    </ClCompile>
    <ClCompile Include="qrsolve.cpp">
      <Filter>Source Files</Filter>
    </ClCompile>
    <ClCompile Include="myzp2ss.cpp">
      <Filter>Source Files</Filter>
    </ClCompile>
    <ClCompile Include="mypoly.cpp">
      <Filter>Source Files</Filter>
    </ClCompile>
    <ClCompile Include="mylp2bs.cpp">
      <Filter>Source Files</Filter>
    </ClCompile>
    <ClCompile Include="mybilinear.cpp">
      <Filter>Source Files</Filter>
    </ClCompile>
    <ClCompile Include="mrdivide.cpp">
      <Filter>Source Files</Filter>
    </ClCompile>
    <ClCompile Include="main.cpp">
      <Filter>Source Files</Filter>
    </ClCompile>
    <ClCompile Include="ixamax.cpp">
      <Filter>Source Files</Filter>
    </ClCompile>
    <ClCompile Include="isequal.cpp">
      <Filter>Source Files</Filter>
    </ClCompile>
    <ClCompile Include="inv.cpp">
      <Filter>Source Files</Filter>
    </ClCompile>
    <ClCompile Include="eye.cpp">
      <Filter>Source Files</Filter>
    </ClCompile>
    <ClCompile Include="exp.cpp">
      <Filter>Source Files</Filter>
    </ClCompile>
    <ClCompile Include="eig.cpp">
      <Filter>Source Files</Filter>
    </ClCompile>
    <ClCompile Include="colon.cpp">
      <Filter>Source Files</Filter>
    </ClCompile>
    <ClCompile Include="CMatrix.cpp">
      <Filter>Source Files</Filter>
    </ClCompile>
    <ClCompile Include="CKalmanFilter.cpp">
      <Filter>Source Files</Filter>
    </ClCompile>
    <ClCompile Include="CBandpassFilters.cpp">
      <Filter>Source Files</Filter>
    </ClCompile>
    <ClCompile Include="buttordBandpassOnly_terminate.cpp">
      <Filter>Source Files</Filter>
    </ClCompile>
    <ClCompile Include="buttordBandpassOnly_initialize.cpp">
      <Filter>Source Files</Filter>
    </ClCompile>
    <ClCompile Include="buttordBandpassOnly.cpp">
      <Filter>Source Files</Filter>
    </ClCompile>
    <ClCompile Include="butterBandpassOnly_terminate.cpp">
      <Filter>Source Files</Filter>
    </ClCompile>
    <ClCompile Include="butterBandpassOnly_rtwutil.cpp">
      <Filter>Source Files</Filter>
    </ClCompile>
    <ClCompile Include="butterBandpassOnly_initialize.cpp">
      <Filter>Source Files</Filter>
    </ClCompile>
    <ClCompile Include="butterBandpassOnly_emxutil.cpp">
      <Filter>Source Files</Filter>
    </ClCompile>
    <ClCompile Include="butterBandpassOnly_emxAPI.cpp">
      <Filter>Source Files</Filter>
    </ClCompile>
    <ClCompile Include="butterBandpassOnly.cpp">
      <Filter>Source Files</Filter>
    </ClCompile>
    <ClCompile Include="anyNonFinite.cpp">
      <Filter>Source Files</Filter>
    </ClCompile>
    <ClCompile Include="CNonlinearEnergyOperator.cpp">
      <Filter>Source Files</Filter>
    </ClCompile>
    <ClCompile Include="CMeanFilter.cpp">
      <Filter>Source Files</Filter>
    </ClCompile>
    <ClCompile Include="CChatterDetection.cpp">
      <Filter>Source Files</Filter>
    </ClCompile>
    <ClCompile Include="CChatterDetectionSystem.cpp">
      <Filter>Source Files</Filter>
    </ClCompile>
  </ItemGroup>
</Project>